
Microsoft Visual Studio Solution File, Format Version 12.00
# Visual Studio 14
VisualStudioVersion = 14.0.25420.1
MinimumVisualStudioVersion = 10.0.40219.1
Project("{FAE04EC0-301F-11D3-BF4B-00C04F79EFBC}") = "Engine", "Engine\Engine.csproj", "{485B6F32-E11B-4EA4-99E0-CD136513E4D9}"
EndProject
Project("{FAE04EC0-301F-11D3-BF4B-00C04F79EFBC}") = "Program", "Program\Program.csproj", "{B1A7DCC1-A7D1-4264-B002-E82162B54FE5}"
EndProject
Global
	GlobalSection(SolutionConfigurationPlatforms) = preSolution
		Debug|Any CPU = Debug|Any CPU
		Release|Any CPU = Release|Any CPU
	EndGlobalSection
	GlobalSection(ProjectConfigurationPlatforms) = postSolution
		{485B6F32-E11B-4EA4-99E0-CD136513E4D9}.Debug|Any CPU.ActiveCfg = Debug|Any CPU
		{485B6F32-E11B-4EA4-99E0-CD136513E4D9}.Debug|Any CPU.Build.0 = Debug|Any CPU
		{485B6F32-E11B-4EA4-99E0-CD136513E4D9}.Release|Any CPU.ActiveCfg = Release|Any CPU
		{485B6F32-E11B-4EA4-99E0-CD136513E4D9}.Release|Any CPU.Build.0 = Release|Any CPU
		{B1A7DCC1-A7D1-4264-B002-E82162B54FE5}.Debug|Any CPU.ActiveCfg = Debug|Any CPU
		{B1A7DCC1-A7D1-4264-B002-E82162B54FE5}.Debug|Any CPU.Build.0 = Debug|Any CPU
		{B1A7DCC1-A7D1-4264-B002-E82162B54FE5}.Release|Any CPU.ActiveCfg = Release|Any CPU
		{B1A7DCC1-A7D1-4264-B002-E82162B54FE5}.Release|Any CPU.Build.0 = Release|Any CPU
	EndGlobalSection
	GlobalSection(SolutionProperties) = preSolution
		HideSolutionNode = FALSE
	EndGlobalSection
EndGlobal
